
Microsoft Visual Studio Solution File, Format Version 12.00
# Visual Studio Version 16
VisualStudioVersion = 16.0.31019.35
MinimumVisualStudioVersion = 10.0.40219.1
Project("{9A19103F-16F7-4668-BE54-9A1E7A4F7556}") = "Gemini.API", "Gemini.API\Gemini.API.csproj", "{66A664E3-78CA-447E-B44A-BE2377ADF88F}"
EndProject
Project("{9A19103F-16F7-4668-BE54-9A1E7A4F7556}") = "Gemini.Data", "Gemini.Data\Gemini.Data.csproj", "{036A4527-C1B0-4C6D-94E2-D47268DC8A5C}"
EndProject
Project("{9A19103F-16F7-4668-BE54-9A1E7A4F7556}") = "Gemini.Shared", "Gemini.Shared\Gemini.Shared.csproj", "{216D640F-90C9-4750-91FE-30D235F8B3DD}"
EndProject
Global
	GlobalSection(SolutionConfigurationPlatforms) = preSolution
		Debug|Any CPU = Debug|Any CPU
		Release|Any CPU = Release|Any CPU
	EndGlobalSection
	GlobalSection(ProjectConfigurationPlatforms) = postSolution
		{66A664E3-78CA-447E-B44A-BE2377ADF88F}.Debug|Any CPU.ActiveCfg = Debug|Any CPU
		{66A664E3-78CA-447E-B44A-BE2377ADF88F}.Debug|Any CPU.Build.0 = Debug|Any CPU
		{66A664E3-78CA-447E-B44A-BE2377ADF88F}.Release|Any CPU.ActiveCfg = Release|Any CPU
		{66A664E3-78CA-447E-B44A-BE2377ADF88F}.Release|Any CPU.Build.0 = Release|Any CPU
		{036A4527-C1B0-4C6D-94E2-D47268DC8A5C}.Debug|Any CPU.ActiveCfg = Debug|Any CPU
		{036A4527-C1B0-4C6D-94E2-D47268DC8A5C}.Debug|Any CPU.Build.0 = Debug|Any CPU
		{036A4527-C1B0-4C6D-94E2-D47268DC8A5C}.Release|Any CPU.ActiveCfg = Release|Any CPU
		{036A4527-C1B0-4C6D-94E2-D47268DC8A5C}.Release|Any CPU.Build.0 = Release|Any CPU
		{216D640F-90C9-4750-91FE-30D235F8B3DD}.Debug|Any CPU.ActiveCfg = Debug|Any CPU
		{216D640F-90C9-4750-91FE-30D235F8B3DD}.Debug|Any CPU.Build.0 = Debug|Any CPU
		{216D640F-90C9-4750-91FE-30D235F8B3DD}.Release|Any CPU.ActiveCfg = Release|Any CPU
		{216D640F-90C9-4750-91FE-30D235F8B3DD}.Release|Any CPU.Build.0 = Release|Any CPU
	EndGlobalSection
	GlobalSection(SolutionProperties) = preSolution
		HideSolutionNode = FALSE
	EndGlobalSection
	GlobalSection(ExtensibilityGlobals) = postSolution
		SolutionGuid = {B3A77017-1638-4493-96EC-7C3C62E14A0C}
	EndGlobalSection
EndGlobal
